
Microsoft Visual Studio Solution File, Format Version 12.00
# Visual Studio Version 16
VisualStudioVersion = 16.0.30907.101
MinimumVisualStudioVersion = 10.0.40219.1
Project("{FAE04EC0-301F-11D3-BF4B-00C04F79EFBC}") = "X-PirateZ-Genie", "X-PirateZ-Genie.csproj", "{AEBEB486-B4DF-40CF-A072-E895704277DC}"
EndProject
Global
	GlobalSection(SolutionConfigurationPlatforms) = preSolution
		Debug|Any CPU = Debug|Any CPU
		Release|Any CPU = Release|Any CPU
	EndGlobalSection
	GlobalSection(ProjectConfigurationPlatforms) = postSolution
		{AEBEB486-B4DF-40CF-A072-E895704277DC}.Debug|Any CPU.ActiveCfg = Debug|Any CPU
		{AEBEB486-B4DF-40CF-A072-E895704277DC}.Debug|Any CPU.Build.0 = Debug|Any CPU
		{AEBEB486-B4DF-40CF-A072-E895704277DC}.Release|Any CPU.ActiveCfg = Release|Any CPU
		{AEBEB486-B4DF-40CF-A072-E895704277DC}.Release|Any CPU.Build.0 = Release|Any CPU
	EndGlobalSection
	GlobalSection(SolutionProperties) = preSolution
		HideSolutionNode = FALSE
	EndGlobalSection
	GlobalSection(ExtensibilityGlobals) = postSolution
		SolutionGuid = {6B904B9B-BAC3-449C-84CB-CA601782C90F}
	EndGlobalSection
EndGlobal
